
Microsoft Visual Studio Solution File, Format Version 12.00
# Visual Studio Version 17
VisualStudioVersion = 17.0.32014.148
MinimumVisualStudioVersion = 10.0.40219.1
Project("{9A19103F-16F7-4668-BE54-9A1E7A4F7556}") = "SFR_ReactiveSystems.Frontend.Server", "SFR_ReactiveSystems.Frontend\Server\SFR_ReactiveSystems.Frontend.Server.csproj", "{4C18DD44-FA3C-40D5-A3D3-FBEBA37B67D9}"
EndProject
Project("{9A19103F-16F7-4668-BE54-9A1E7A4F7556}") = "SFR_ReactiveSystems.Frontend.Client", "SFR_ReactiveSystems.Frontend\Client\SFR_ReactiveSystems.Frontend.Client.csproj", "{3874679C-3057-4D0A-A631-8DD3AC339966}"
EndProject
Project("{FAE04EC0-301F-11D3-BF4B-00C04F79EFBC}") = "SFR_ReactiveSystems.TransactionService", "SFR_ReactiveSystems.TransactionService\SFR_ReactiveSystems.TransactionService.csproj", "{431BBF6F-F688-4974-A5E5-6F1524D4BF96}"
EndProject
Project("{E53339B2-1760-4266-BCC7-CA923CBCF16C}") = "docker-compose", "docker-compose.dcproj", "{306A0A4F-B3AF-4553-B9B2-2AD7C1125EC7}"
EndProject
Global
	GlobalSection(SolutionConfigurationPlatforms) = preSolution
		Debug|Any CPU = Debug|Any CPU
		Release|Any CPU = Release|Any CPU
	EndGlobalSection
	GlobalSection(ProjectConfigurationPlatforms) = postSolution
		{4C18DD44-FA3C-40D5-A3D3-FBEBA37B67D9}.Debug|Any CPU.ActiveCfg = Debug|Any CPU
		{4C18DD44-FA3C-40D5-A3D3-FBEBA37B67D9}.Debug|Any CPU.Build.0 = Debug|Any CPU
		{4C18DD44-FA3C-40D5-A3D3-FBEBA37B67D9}.Release|Any CPU.ActiveCfg = Release|Any CPU
		{4C18DD44-FA3C-40D5-A3D3-FBEBA37B67D9}.Release|Any CPU.Build.0 = Release|Any CPU
		{3874679C-3057-4D0A-A631-8DD3AC339966}.Debug|Any CPU.ActiveCfg = Debug|Any CPU
		{3874679C-3057-4D0A-A631-8DD3AC339966}.Debug|Any CPU.Build.0 = Debug|Any CPU
		{3874679C-3057-4D0A-A631-8DD3AC339966}.Release|Any CPU.ActiveCfg = Release|Any CPU
		{3874679C-3057-4D0A-A631-8DD3AC339966}.Release|Any CPU.Build.0 = Release|Any CPU
		{431BBF6F-F688-4974-A5E5-6F1524D4BF96}.Debug|Any CPU.ActiveCfg = Debug|Any CPU
		{431BBF6F-F688-4974-A5E5-6F1524D4BF96}.Debug|Any CPU.Build.0 = Debug|Any CPU
		{431BBF6F-F688-4974-A5E5-6F1524D4BF96}.Release|Any CPU.ActiveCfg = Release|Any CPU
		{431BBF6F-F688-4974-A5E5-6F1524D4BF96}.Release|Any CPU.Build.0 = Release|Any CPU
		{306A0A4F-B3AF-4553-B9B2-2AD7C1125EC7}.Debug|Any CPU.ActiveCfg = Debug|Any CPU
		{306A0A4F-B3AF-4553-B9B2-2AD7C1125EC7}.Debug|Any CPU.Build.0 = Debug|Any CPU
		{306A0A4F-B3AF-4553-B9B2-2AD7C1125EC7}.Release|Any CPU.ActiveCfg = Release|Any CPU
		{306A0A4F-B3AF-4553-B9B2-2AD7C1125EC7}.Release|Any CPU.Build.0 = Release|Any CPU
	EndGlobalSection
	GlobalSection(SolutionProperties) = preSolution
		HideSolutionNode = FALSE
	EndGlobalSection
	GlobalSection(ExtensibilityGlobals) = postSolution
		SolutionGuid = {0076A33A-B30D-4995-A4AB-5F9E1D60D4DC}
	EndGlobalSection
EndGlobal
